
Microsoft Visual Studio Solution File, Format Version 12.00
# Visual Studio Version 17
VisualStudioVersion = 17.13.35931.197 d17.13
MinimumVisualStudioVersion = 10.0.40219.1
Project("{FAE04EC0-301F-11D3-BF4B-00C04F79EFBC}") = "JurnalMod7", "JurnalMod7\JurnalMod7.csproj", "{C48CFBDB-6158-4A97-984B-132A8EC2DE55}"
EndProject
Global
	GlobalSection(SolutionConfigurationPlatforms) = preSolution
		Debug|Any CPU = Debug|Any CPU
		Release|Any CPU = Release|Any CPU
	EndGlobalSection
	GlobalSection(ProjectConfigurationPlatforms) = postSolution
		{C48CFBDB-6158-4A97-984B-132A8EC2DE55}.Debug|Any CPU.ActiveCfg = Debug|Any CPU
		{C48CFBDB-6158-4A97-984B-132A8EC2DE55}.Debug|Any CPU.Build.0 = Debug|Any CPU
		{C48CFBDB-6158-4A97-984B-132A8EC2DE55}.Release|Any CPU.ActiveCfg = Release|Any CPU
		{C48CFBDB-6158-4A97-984B-132A8EC2DE55}.Release|Any CPU.Build.0 = Release|Any CPU
	EndGlobalSection
	GlobalSection(SolutionProperties) = preSolution
		HideSolutionNode = FALSE
	EndGlobalSection
	GlobalSection(ExtensibilityGlobals) = postSolution
		SolutionGuid = {794CB6B1-172C-4E20-B478-7181F6D18008}
	EndGlobalSection
EndGlobal
